
Microsoft Visual Studio Solution File, Format Version 12.00
# Visual Studio Version 17
VisualStudioVersion = 17.1.32210.238
MinimumVisualStudioVersion = 10.0.40219.1
Project("{9A19103F-16F7-4668-BE54-9A1E7A4F7556}") = "Common", "Common\Common.csproj", "{FB9EE2BD-FB4A-4759-8FCD-35E3746B6EB5}"
EndProject
Project("{9A19103F-16F7-4668-BE54-9A1E7A4F7556}") = "Dal", "Dal\Dal.csproj", "{00A6DC91-7A99-45AC-8170-C6DF881B65D4}"
EndProject
Project("{9A19103F-16F7-4668-BE54-9A1E7A4F7556}") = "IDal", "IDal\IDal.csproj", "{E2727CAB-751D-47A0-9F0D-807B30D7AA46}"
EndProject
Project("{9A19103F-16F7-4668-BE54-9A1E7A4F7556}") = "Model", "Model\Model.csproj", "{1BFE8A6B-E57C-405F-A058-198BEDA012C5}"
EndProject
Project("{2150E333-8FDC-42A3-9474-1A3956D46DE8}") = "Comm", "Comm", "{800FF353-3C04-4C36-BE75-E694DF2747BD}"
EndProject
Project("{9A19103F-16F7-4668-BE54-9A1E7A4F7556}") = "WebApp", "WebApp\WebApp.csproj", "{C5D4CD3F-D523-4A9C-9A83-ABD4BE02B258}"
EndProject
Project("{2150E333-8FDC-42A3-9474-1A3956D46DE8}") = "Controllers", "Controllers", "{763BA36D-690D-4EB6-ABFE-A6350D56C41F}"
EndProject
Project("{FAE04EC0-301F-11D3-BF4B-00C04F79EFBC}") = "WebApiController", "WebApiController\WebApiController.csproj", "{BBF6B19E-9AB1-4D91-82C8-6FD94BAD9D29}"
EndProject
Project("{2150E333-8FDC-42A3-9474-1A3956D46DE8}") = "Dev", "Dev", "{EAB87AED-5E84-4D59-AD16-17682F4395AC}"
EndProject
Project("{2150E333-8FDC-42A3-9474-1A3956D46DE8}") = "Test", "Test", "{38B4BEDD-4205-46DA-A592-777493E177B2}"
EndProject
Project("{FAE04EC0-301F-11D3-BF4B-00C04F79EFBC}") = "TestProject", "TestProject\TestProject.csproj", "{7A3F224A-C156-49B8-81DA-CDFF3F0A45AD}"
EndProject
Project("{2150E333-8FDC-42A3-9474-1A3956D46DE8}") = "App", "App", "{6DEF5804-41A0-4058-8590-A6970B28B058}"
EndProject
Project("{FAE04EC0-301F-11D3-BF4B-00C04F79EFBC}") = "App.SendMails", "App.SendMails\App.SendMails.csproj", "{039F673E-DDD9-4C49-8EAD-C29D025C904A}"
EndProject
Global
	GlobalSection(SolutionConfigurationPlatforms) = preSolution
		Debug|Any CPU = Debug|Any CPU
		Release|Any CPU = Release|Any CPU
		Test|Any CPU = Test|Any CPU
	EndGlobalSection
	GlobalSection(ProjectConfigurationPlatforms) = postSolution
		{FB9EE2BD-FB4A-4759-8FCD-35E3746B6EB5}.Debug|Any CPU.ActiveCfg = Debug|Any CPU
		{FB9EE2BD-FB4A-4759-8FCD-35E3746B6EB5}.Debug|Any CPU.Build.0 = Debug|Any CPU
		{FB9EE2BD-FB4A-4759-8FCD-35E3746B6EB5}.Release|Any CPU.ActiveCfg = Release|Any CPU
		{FB9EE2BD-FB4A-4759-8FCD-35E3746B6EB5}.Release|Any CPU.Build.0 = Release|Any CPU
		{FB9EE2BD-FB4A-4759-8FCD-35E3746B6EB5}.Test|Any CPU.ActiveCfg = Test|Any CPU
		{FB9EE2BD-FB4A-4759-8FCD-35E3746B6EB5}.Test|Any CPU.Build.0 = Test|Any CPU
		{00A6DC91-7A99-45AC-8170-C6DF881B65D4}.Debug|Any CPU.ActiveCfg = Debug|Any CPU
		{00A6DC91-7A99-45AC-8170-C6DF881B65D4}.Debug|Any CPU.Build.0 = Debug|Any CPU
		{00A6DC91-7A99-45AC-8170-C6DF881B65D4}.Release|Any CPU.ActiveCfg = Release|Any CPU
		{00A6DC91-7A99-45AC-8170-C6DF881B65D4}.Release|Any CPU.Build.0 = Release|Any CPU
		{00A6DC91-7A99-45AC-8170-C6DF881B65D4}.Test|Any CPU.ActiveCfg = Test|Any CPU
		{00A6DC91-7A99-45AC-8170-C6DF881B65D4}.Test|Any CPU.Build.0 = Test|Any CPU
		{E2727CAB-751D-47A0-9F0D-807B30D7AA46}.Debug|Any CPU.ActiveCfg = Debug|Any CPU
		{E2727CAB-751D-47A0-9F0D-807B30D7AA46}.Debug|Any CPU.Build.0 = Debug|Any CPU
		{E2727CAB-751D-47A0-9F0D-807B30D7AA46}.Release|Any CPU.ActiveCfg = Release|Any CPU
		{E2727CAB-751D-47A0-9F0D-807B30D7AA46}.Release|Any CPU.Build.0 = Release|Any CPU
		{E2727CAB-751D-47A0-9F0D-807B30D7AA46}.Test|Any CPU.ActiveCfg = Test|Any CPU
		{E2727CAB-751D-47A0-9F0D-807B30D7AA46}.Test|Any CPU.Build.0 = Test|Any CPU
		{1BFE8A6B-E57C-405F-A058-198BEDA012C5}.Debug|Any CPU.ActiveCfg = Debug|Any CPU
		{1BFE8A6B-E57C-405F-A058-198BEDA012C5}.Debug|Any CPU.Build.0 = Debug|Any CPU
		{1BFE8A6B-E57C-405F-A058-198BEDA012C5}.Release|Any CPU.ActiveCfg = Release|Any CPU
		{1BFE8A6B-E57C-405F-A058-198BEDA012C5}.Release|Any CPU.Build.0 = Release|Any CPU
		{1BFE8A6B-E57C-405F-A058-198BEDA012C5}.Test|Any CPU.ActiveCfg = Test|Any CPU
		{1BFE8A6B-E57C-405F-A058-198BEDA012C5}.Test|Any CPU.Build.0 = Test|Any CPU
		{C5D4CD3F-D523-4A9C-9A83-ABD4BE02B258}.Debug|Any CPU.ActiveCfg = Debug|Any CPU
		{C5D4CD3F-D523-4A9C-9A83-ABD4BE02B258}.Debug|Any CPU.Build.0 = Debug|Any CPU
		{C5D4CD3F-D523-4A9C-9A83-ABD4BE02B258}.Release|Any CPU.ActiveCfg = Release|Any CPU
		{C5D4CD3F-D523-4A9C-9A83-ABD4BE02B258}.Release|Any CPU.Build.0 = Release|Any CPU
		{C5D4CD3F-D523-4A9C-9A83-ABD4BE02B258}.Test|Any CPU.ActiveCfg = Test|Any CPU
		{C5D4CD3F-D523-4A9C-9A83-ABD4BE02B258}.Test|Any CPU.Build.0 = Test|Any CPU
		{BBF6B19E-9AB1-4D91-82C8-6FD94BAD9D29}.Debug|Any CPU.ActiveCfg = Debug|Any CPU
		{BBF6B19E-9AB1-4D91-82C8-6FD94BAD9D29}.Debug|Any CPU.Build.0 = Debug|Any CPU
		{BBF6B19E-9AB1-4D91-82C8-6FD94BAD9D29}.Release|Any CPU.ActiveCfg = Release|Any CPU
		{BBF6B19E-9AB1-4D91-82C8-6FD94BAD9D29}.Release|Any CPU.Build.0 = Release|Any CPU
		{BBF6B19E-9AB1-4D91-82C8-6FD94BAD9D29}.Test|Any CPU.ActiveCfg = Test|Any CPU
		{BBF6B19E-9AB1-4D91-82C8-6FD94BAD9D29}.Test|Any CPU.Build.0 = Test|Any CPU
		{7A3F224A-C156-49B8-81DA-CDFF3F0A45AD}.Debug|Any CPU.ActiveCfg = Debug|Any CPU
		{7A3F224A-C156-49B8-81DA-CDFF3F0A45AD}.Debug|Any CPU.Build.0 = Debug|Any CPU
		{7A3F224A-C156-49B8-81DA-CDFF3F0A45AD}.Release|Any CPU.ActiveCfg = Release|Any CPU
		{7A3F224A-C156-49B8-81DA-CDFF3F0A45AD}.Release|Any CPU.Build.0 = Release|Any CPU
		{7A3F224A-C156-49B8-81DA-CDFF3F0A45AD}.Test|Any CPU.ActiveCfg = Debug|Any CPU
		{7A3F224A-C156-49B8-81DA-CDFF3F0A45AD}.Test|Any CPU.Build.0 = Debug|Any CPU
		{039F673E-DDD9-4C49-8EAD-C29D025C904A}.Debug|Any CPU.ActiveCfg = Debug|Any CPU
		{039F673E-DDD9-4C49-8EAD-C29D025C904A}.Debug|Any CPU.Build.0 = Debug|Any CPU
		{039F673E-DDD9-4C49-8EAD-C29D025C904A}.Release|Any CPU.ActiveCfg = Release|Any CPU
		{039F673E-DDD9-4C49-8EAD-C29D025C904A}.Release|Any CPU.Build.0 = Release|Any CPU
		{039F673E-DDD9-4C49-8EAD-C29D025C904A}.Test|Any CPU.ActiveCfg = Debug|Any CPU
		{039F673E-DDD9-4C49-8EAD-C29D025C904A}.Test|Any CPU.Build.0 = Debug|Any CPU
	EndGlobalSection
	GlobalSection(SolutionProperties) = preSolution
		HideSolutionNode = FALSE
	EndGlobalSection
	GlobalSection(NestedProjects) = preSolution
		{FB9EE2BD-FB4A-4759-8FCD-35E3746B6EB5} = {800FF353-3C04-4C36-BE75-E694DF2747BD}
		{00A6DC91-7A99-45AC-8170-C6DF881B65D4} = {800FF353-3C04-4C36-BE75-E694DF2747BD}
		{E2727CAB-751D-47A0-9F0D-807B30D7AA46} = {800FF353-3C04-4C36-BE75-E694DF2747BD}
		{1BFE8A6B-E57C-405F-A058-198BEDA012C5} = {800FF353-3C04-4C36-BE75-E694DF2747BD}
		{BBF6B19E-9AB1-4D91-82C8-6FD94BAD9D29} = {763BA36D-690D-4EB6-ABFE-A6350D56C41F}
		{7A3F224A-C156-49B8-81DA-CDFF3F0A45AD} = {38B4BEDD-4205-46DA-A592-777493E177B2}
		{039F673E-DDD9-4C49-8EAD-C29D025C904A} = {6DEF5804-41A0-4058-8590-A6970B28B058}
	EndGlobalSection
	GlobalSection(ExtensibilityGlobals) = postSolution
		SolutionGuid = {BFB21126-AD63-44EC-BD4A-2A1B3A1B6D5B}
	EndGlobalSection
EndGlobal
